
Microsoft Visual Studio Solution File, Format Version 12.00
# Visual Studio Version 16
VisualStudioVersion = 16.0.30011.22
MinimumVisualStudioVersion = 10.0.40219.1
Project("{9A19103F-16F7-4668-BE54-9A1E7A4F7556}") = "WhyNotEarth.Meredith.App", "WhyNotEarth.Meredith.App\WhyNotEarth.Meredith.App.csproj", "{4FBC580B-44E2-4812-A148-E6B7CCA6867F}"
EndProject
Project("{9A19103F-16F7-4668-BE54-9A1E7A4F7556}") = "WhyNotEarth.Meredith", "WhyNotEarth.Meredith\WhyNotEarth.Meredith.csproj", "{5027F222-49F5-43FE-8A80-31EAF14FC395}"
EndProject
Project("{9A19103F-16F7-4668-BE54-9A1E7A4F7556}") = "WhyNotEarth.Meredith.Tests", "WhyNotEarth.Meredith.Tests\WhyNotEarth.Meredith.Tests.csproj", "{FD86B7F6-42E8-4591-8D12-BDF4AADA50EE}"
EndProject
Project("{9A19103F-16F7-4668-BE54-9A1E7A4F7556}") = "WhyNotEarth.Meredith.Persistence", "WhyNotEarth.Meredith.Persistence\WhyNotEarth.Meredith.Persistence.csproj", "{D214F836-7109-4A94-8EF1-B172CBF81AB0}"
EndProject
Project("{2150E333-8FDC-42A3-9474-1A3956D46DE8}") = "Solution Items", "Solution Items", "{53F6DC21-5E64-43FF-8AD8-805B733EC578}"
	ProjectSection(SolutionItems) = preProject
		.editorconfig = .editorconfig
		.gitignore = .gitignore
		.azure\cd.yml = .azure\cd.yml
		.azure\ci.yml = .azure\ci.yml
		docker-compose.yml = docker-compose.yml
		README.md = README.md
		version.json = version.json
	EndProjectSection
EndProject
Global
	GlobalSection(SolutionConfigurationPlatforms) = preSolution
		Debug|Any CPU = Debug|Any CPU
		Release|Any CPU = Release|Any CPU
	EndGlobalSection
	GlobalSection(ProjectConfigurationPlatforms) = postSolution
		{4FBC580B-44E2-4812-A148-E6B7CCA6867F}.Debug|Any CPU.ActiveCfg = Debug|Any CPU
		{4FBC580B-44E2-4812-A148-E6B7CCA6867F}.Debug|Any CPU.Build.0 = Debug|Any CPU
		{4FBC580B-44E2-4812-A148-E6B7CCA6867F}.Release|Any CPU.ActiveCfg = Release|Any CPU
		{4FBC580B-44E2-4812-A148-E6B7CCA6867F}.Release|Any CPU.Build.0 = Release|Any CPU
		{5027F222-49F5-43FE-8A80-31EAF14FC395}.Debug|Any CPU.ActiveCfg = Debug|Any CPU
		{5027F222-49F5-43FE-8A80-31EAF14FC395}.Debug|Any CPU.Build.0 = Debug|Any CPU
		{5027F222-49F5-43FE-8A80-31EAF14FC395}.Release|Any CPU.ActiveCfg = Release|Any CPU
		{5027F222-49F5-43FE-8A80-31EAF14FC395}.Release|Any CPU.Build.0 = Release|Any CPU
		{FD86B7F6-42E8-4591-8D12-BDF4AADA50EE}.Debug|Any CPU.ActiveCfg = Debug|Any CPU
		{FD86B7F6-42E8-4591-8D12-BDF4AADA50EE}.Debug|Any CPU.Build.0 = Debug|Any CPU
		{FD86B7F6-42E8-4591-8D12-BDF4AADA50EE}.Release|Any CPU.ActiveCfg = Release|Any CPU
		{FD86B7F6-42E8-4591-8D12-BDF4AADA50EE}.Release|Any CPU.Build.0 = Release|Any CPU
		{D214F836-7109-4A94-8EF1-B172CBF81AB0}.Debug|Any CPU.ActiveCfg = Debug|Any CPU
		{D214F836-7109-4A94-8EF1-B172CBF81AB0}.Debug|Any CPU.Build.0 = Debug|Any CPU
		{D214F836-7109-4A94-8EF1-B172CBF81AB0}.Release|Any CPU.ActiveCfg = Release|Any CPU
		{D214F836-7109-4A94-8EF1-B172CBF81AB0}.Release|Any CPU.Build.0 = Release|Any CPU
	EndGlobalSection
	GlobalSection(SolutionProperties) = preSolution
		HideSolutionNode = FALSE
	EndGlobalSection
	GlobalSection(ExtensibilityGlobals) = postSolution
		SolutionGuid = {A9BF1E36-B362-4BE0-A31A-50D1C3FB4DC6}
	EndGlobalSection
EndGlobal
